
Microsoft Visual Studio Solution File, Format Version 12.00
# Visual Studio Version 17
VisualStudioVersion = 17.0.31903.59
MinimumVisualStudioVersion = 10.0.40219.1
Project("{2150E333-8FDC-42A3-9474-1A3956D46DE8}") = "src", "src", "{8B46D5FD-C4BC-45D2-B31D-C18AC10BF486}"
EndProject
Project("{FAE04EC0-301F-11D3-BF4B-00C04F79EFBC}") = "IsaacHili.InstagramTools", "src\IsaacHili.InstagramTools\IsaacHili.InstagramTools.csproj", "{2A7D74D4-2876-45DB-8FA8-403E46A57E81}"
EndProject
Global
	GlobalSection(SolutionConfigurationPlatforms) = preSolution
		Debug|Any CPU = Debug|Any CPU
		Release|Any CPU = Release|Any CPU
	EndGlobalSection
	GlobalSection(ProjectConfigurationPlatforms) = postSolution
		{2A7D74D4-2876-45DB-8FA8-403E46A57E81}.Debug|Any CPU.ActiveCfg = Debug|Any CPU
		{2A7D74D4-2876-45DB-8FA8-403E46A57E81}.Debug|Any CPU.Build.0 = Debug|Any CPU
		{2A7D74D4-2876-45DB-8FA8-403E46A57E81}.Release|Any CPU.ActiveCfg = Release|Any CPU
		{2A7D74D4-2876-45DB-8FA8-403E46A57E81}.Release|Any CPU.Build.0 = Release|Any CPU
	EndGlobalSection
	GlobalSection(SolutionProperties) = preSolution
		HideSolutionNode = FALSE
	EndGlobalSection
	GlobalSection(NestedProjects) = preSolution
		{2A7D74D4-2876-45DB-8FA8-403E46A57E81} = {8B46D5FD-C4BC-45D2-B31D-C18AC10BF486}
	EndGlobalSection
EndGlobal
